
Microsoft Visual Studio Solution File, Format Version 12.00
# Visual Studio 15
VisualStudioVersion = 15.0.26730.16
MinimumVisualStudioVersion = 10.0.40219.1
Project("{FAE04EC0-301F-11D3-BF4B-00C04F79EFBC}") = "Pizza", "Pizza\Pizza.csproj", "{147EB240-A36E-4F27-AB81-A79E931D94FC}"
EndProject
Global
	GlobalSection(SolutionConfigurationPlatforms) = preSolution
		Debug|Any CPU = Debug|Any CPU
		Release|Any CPU = Release|Any CPU
	EndGlobalSection
	GlobalSection(ProjectConfigurationPlatforms) = postSolution
		{147EB240-A36E-4F27-AB81-A79E931D94FC}.Debug|Any CPU.ActiveCfg = Debug|Any CPU
		{147EB240-A36E-4F27-AB81-A79E931D94FC}.Debug|Any CPU.Build.0 = Debug|Any CPU
		{147EB240-A36E-4F27-AB81-A79E931D94FC}.Release|Any CPU.ActiveCfg = Release|Any CPU
		{147EB240-A36E-4F27-AB81-A79E931D94FC}.Release|Any CPU.Build.0 = Release|Any CPU
	EndGlobalSection
	GlobalSection(SolutionProperties) = preSolution
		HideSolutionNode = FALSE
	EndGlobalSection
	GlobalSection(ExtensibilityGlobals) = postSolution
		SolutionGuid = {EBC63F98-905D-423A-A757-BF8E574A0AC9}
	EndGlobalSection
EndGlobal
